
Microsoft Visual Studio Solution File, Format Version 12.00
# Visual Studio Version 17
VisualStudioVersion = 17.14.36408.4
MinimumVisualStudioVersion = 10.0.40219.1
Project("{FAE04EC0-301F-11D3-BF4B-00C04F79EFBC}") = "Library.Domain", "Library.Domain\Library.Domain.csproj", "{63348196-D3D9-4E7E-8D98-FE3EB0A7B7AF}"
EndProject
Project("{FAE04EC0-301F-11D3-BF4B-00C04F79EFBC}") = "Library.Tests", "Library.Tests\Library.Tests.csproj", "{2485E016-ACAE-4546-9E8B-C4078F1A75D4}"
EndProject
Project("{FAE04EC0-301F-11D3-BF4B-00C04F79EFBC}") = "Library.Application", "Library.Application\Library.Application.csproj", "{6F9E54A3-2385-41DC-8C2F-47965B5FC5E7}"
EndProject
Project("{FAE04EC0-301F-11D3-BF4B-00C04F79EFBC}") = "Library.Infrastructure", "Library.Infrastructure\Library.Infrastructure.csproj", "{4807E2E0-1ACB-4FA0-8703-D2A83A0D46C3}"
EndProject
Project("{FAE04EC0-301F-11D3-BF4B-00C04F79EFBC}") = "Library.Api", "Library.Api\Library.Api.csproj", "{9D7559F2-EE17-4952-935B-CEA8D8C14FE1}"
EndProject
Project("{C7167F0D-BC9F-4E6E-AFE1-012C56B48DB5}") = "WapProj", "WapProj\WapProj.wapproj", "{08F401C8-10F6-4F12-A4A7-164EBB29F7DC}"
EndProject
Global
	GlobalSection(SolutionConfigurationPlatforms) = preSolution
		Debug|Any CPU = Debug|Any CPU
		Debug|ARM = Debug|ARM
		Debug|ARM64 = Debug|ARM64
		Debug|x64 = Debug|x64
		Debug|x86 = Debug|x86
		Release|Any CPU = Release|Any CPU
		Release|ARM = Release|ARM
		Release|ARM64 = Release|ARM64
		Release|x64 = Release|x64
		Release|x86 = Release|x86
	EndGlobalSection
	GlobalSection(ProjectConfigurationPlatforms) = postSolution
		{63348196-D3D9-4E7E-8D98-FE3EB0A7B7AF}.Debug|Any CPU.ActiveCfg = Debug|Any CPU
		{63348196-D3D9-4E7E-8D98-FE3EB0A7B7AF}.Debug|Any CPU.Build.0 = Debug|Any CPU
		{63348196-D3D9-4E7E-8D98-FE3EB0A7B7AF}.Debug|ARM.ActiveCfg = Debug|Any CPU
		{63348196-D3D9-4E7E-8D98-FE3EB0A7B7AF}.Debug|ARM.Build.0 = Debug|Any CPU
		{63348196-D3D9-4E7E-8D98-FE3EB0A7B7AF}.Debug|ARM64.ActiveCfg = Debug|Any CPU
		{63348196-D3D9-4E7E-8D98-FE3EB0A7B7AF}.Debug|ARM64.Build.0 = Debug|Any CPU
		{63348196-D3D9-4E7E-8D98-FE3EB0A7B7AF}.Debug|x64.ActiveCfg = Debug|Any CPU
		{63348196-D3D9-4E7E-8D98-FE3EB0A7B7AF}.Debug|x64.Build.0 = Debug|Any CPU
		{63348196-D3D9-4E7E-8D98-FE3EB0A7B7AF}.Debug|x86.ActiveCfg = Debug|Any CPU
		{63348196-D3D9-4E7E-8D98-FE3EB0A7B7AF}.Debug|x86.Build.0 = Debug|Any CPU
		{63348196-D3D9-4E7E-8D98-FE3EB0A7B7AF}.Release|Any CPU.ActiveCfg = Release|Any CPU
		{63348196-D3D9-4E7E-8D98-FE3EB0A7B7AF}.Release|Any CPU.Build.0 = Release|Any CPU
		{63348196-D3D9-4E7E-8D98-FE3EB0A7B7AF}.Release|ARM.ActiveCfg = Release|Any CPU
		{63348196-D3D9-4E7E-8D98-FE3EB0A7B7AF}.Release|ARM.Build.0 = Release|Any CPU
		{63348196-D3D9-4E7E-8D98-FE3EB0A7B7AF}.Release|ARM64.ActiveCfg = Release|Any CPU
		{63348196-D3D9-4E7E-8D98-FE3EB0A7B7AF}.Release|ARM64.Build.0 = Release|Any CPU
		{63348196-D3D9-4E7E-8D98-FE3EB0A7B7AF}.Release|x64.ActiveCfg = Release|Any CPU
		{63348196-D3D9-4E7E-8D98-FE3EB0A7B7AF}.Release|x64.Build.0 = Release|Any CPU
		{63348196-D3D9-4E7E-8D98-FE3EB0A7B7AF}.Release|x86.ActiveCfg = Release|Any CPU
		{63348196-D3D9-4E7E-8D98-FE3EB0A7B7AF}.Release|x86.Build.0 = Release|Any CPU
		{2485E016-ACAE-4546-9E8B-C4078F1A75D4}.Debug|Any CPU.ActiveCfg = Debug|Any CPU
		{2485E016-ACAE-4546-9E8B-C4078F1A75D4}.Debug|Any CPU.Build.0 = Debug|Any CPU
		{2485E016-ACAE-4546-9E8B-C4078F1A75D4}.Debug|ARM.ActiveCfg = Debug|Any CPU
		{2485E016-ACAE-4546-9E8B-C4078F1A75D4}.Debug|ARM.Build.0 = Debug|Any CPU
		{2485E016-ACAE-4546-9E8B-C4078F1A75D4}.Debug|ARM64.ActiveCfg = Debug|Any CPU
		{2485E016-ACAE-4546-9E8B-C4078F1A75D4}.Debug|ARM64.Build.0 = Debug|Any CPU
		{2485E016-ACAE-4546-9E8B-C4078F1A75D4}.Debug|x64.ActiveCfg = Debug|Any CPU
		{2485E016-ACAE-4546-9E8B-C4078F1A75D4}.Debug|x64.Build.0 = Debug|Any CPU
		{2485E016-ACAE-4546-9E8B-C4078F1A75D4}.Debug|x86.ActiveCfg = Debug|Any CPU
		{2485E016-ACAE-4546-9E8B-C4078F1A75D4}.Debug|x86.Build.0 = Debug|Any CPU
		{2485E016-ACAE-4546-9E8B-C4078F1A75D4}.Release|Any CPU.ActiveCfg = Release|Any CPU
		{2485E016-ACAE-4546-9E8B-C4078F1A75D4}.Release|Any CPU.Build.0 = Release|Any CPU
		{2485E016-ACAE-4546-9E8B-C4078F1A75D4}.Release|ARM.ActiveCfg = Release|Any CPU
		{2485E016-ACAE-4546-9E8B-C4078F1A75D4}.Release|ARM.Build.0 = Release|Any CPU
		{2485E016-ACAE-4546-9E8B-C4078F1A75D4}.Release|ARM64.ActiveCfg = Release|Any CPU
		{2485E016-ACAE-4546-9E8B-C4078F1A75D4}.Release|ARM64.Build.0 = Release|Any CPU
		{2485E016-ACAE-4546-9E8B-C4078F1A75D4}.Release|x64.ActiveCfg = Release|Any CPU
		{2485E016-ACAE-4546-9E8B-C4078F1A75D4}.Release|x64.Build.0 = Release|Any CPU
		{2485E016-ACAE-4546-9E8B-C4078F1A75D4}.Release|x86.ActiveCfg = Release|Any CPU
		{2485E016-ACAE-4546-9E8B-C4078F1A75D4}.Release|x86.Build.0 = Release|Any CPU
		{6F9E54A3-2385-41DC-8C2F-47965B5FC5E7}.Debug|Any CPU.ActiveCfg = Debug|Any CPU
		{6F9E54A3-2385-41DC-8C2F-47965B5FC5E7}.Debug|Any CPU.Build.0 = Debug|Any CPU
		{6F9E54A3-2385-41DC-8C2F-47965B5FC5E7}.Debug|ARM.ActiveCfg = Debug|Any CPU
		{6F9E54A3-2385-41DC-8C2F-47965B5FC5E7}.Debug|ARM.Build.0 = Debug|Any CPU
		{6F9E54A3-2385-41DC-8C2F-47965B5FC5E7}.Debug|ARM64.ActiveCfg = Debug|Any CPU
		{6F9E54A3-2385-41DC-8C2F-47965B5FC5E7}.Debug|ARM64.Build.0 = Debug|Any CPU
		{6F9E54A3-2385-41DC-8C2F-47965B5FC5E7}.Debug|x64.ActiveCfg = Debug|Any CPU
		{6F9E54A3-2385-41DC-8C2F-47965B5FC5E7}.Debug|x64.Build.0 = Debug|Any CPU
		{6F9E54A3-2385-41DC-8C2F-47965B5FC5E7}.Debug|x86.ActiveCfg = Debug|Any CPU
		{6F9E54A3-2385-41DC-8C2F-47965B5FC5E7}.Debug|x86.Build.0 = Debug|Any CPU
		{6F9E54A3-2385-41DC-8C2F-47965B5FC5E7}.Release|Any CPU.ActiveCfg = Release|Any CPU
		{6F9E54A3-2385-41DC-8C2F-47965B5FC5E7}.Release|Any CPU.Build.0 = Release|Any CPU
		{6F9E54A3-2385-41DC-8C2F-47965B5FC5E7}.Release|ARM.ActiveCfg = Release|Any CPU
		{6F9E54A3-2385-41DC-8C2F-47965B5FC5E7}.Release|ARM.Build.0 = Release|Any CPU
		{6F9E54A3-2385-41DC-8C2F-47965B5FC5E7}.Release|ARM64.ActiveCfg = Release|Any CPU
		{6F9E54A3-2385-41DC-8C2F-47965B5FC5E7}.Release|ARM64.Build.0 = Release|Any CPU
		{6F9E54A3-2385-41DC-8C2F-47965B5FC5E7}.Release|x64.ActiveCfg = Release|Any CPU
		{6F9E54A3-2385-41DC-8C2F-47965B5FC5E7}.Release|x64.Build.0 = Release|Any CPU
		{6F9E54A3-2385-41DC-8C2F-47965B5FC5E7}.Release|x86.ActiveCfg = Release|Any CPU
		{6F9E54A3-2385-41DC-8C2F-47965B5FC5E7}.Release|x86.Build.0 = Release|Any CPU
		{4807E2E0-1ACB-4FA0-8703-D2A83A0D46C3}.Debug|Any CPU.ActiveCfg = Debug|Any CPU
		{4807E2E0-1ACB-4FA0-8703-D2A83A0D46C3}.Debug|Any CPU.Build.0 = Debug|Any CPU
		{4807E2E0-1ACB-4FA0-8703-D2A83A0D46C3}.Debug|ARM.ActiveCfg = Debug|Any CPU
		{4807E2E0-1ACB-4FA0-8703-D2A83A0D46C3}.Debug|ARM.Build.0 = Debug|Any CPU
		{4807E2E0-1ACB-4FA0-8703-D2A83A0D46C3}.Debug|ARM64.ActiveCfg = Debug|Any CPU
		{4807E2E0-1ACB-4FA0-8703-D2A83A0D46C3}.Debug|ARM64.Build.0 = Debug|Any CPU
		{4807E2E0-1ACB-4FA0-8703-D2A83A0D46C3}.Debug|x64.ActiveCfg = Debug|Any CPU
		{4807E2E0-1ACB-4FA0-8703-D2A83A0D46C3}.Debug|x64.Build.0 = Debug|Any CPU
		{4807E2E0-1ACB-4FA0-8703-D2A83A0D46C3}.Debug|x86.ActiveCfg = Debug|Any CPU
		{4807E2E0-1ACB-4FA0-8703-D2A83A0D46C3}.Debug|x86.Build.0 = Debug|Any CPU
		{4807E2E0-1ACB-4FA0-8703-D2A83A0D46C3}.Release|Any CPU.ActiveCfg = Release|Any CPU
		{4807E2E0-1ACB-4FA0-8703-D2A83A0D46C3}.Release|Any CPU.Build.0 = Release|Any CPU
		{4807E2E0-1ACB-4FA0-8703-D2A83A0D46C3}.Release|ARM.ActiveCfg = Release|Any CPU
		{4807E2E0-1ACB-4FA0-8703-D2A83A0D46C3}.Release|ARM.Build.0 = Release|Any CPU
		{4807E2E0-1ACB-4FA0-8703-D2A83A0D46C3}.Release|ARM64.ActiveCfg = Release|Any CPU
		{4807E2E0-1ACB-4FA0-8703-D2A83A0D46C3}.Release|ARM64.Build.0 = Release|Any CPU
		{4807E2E0-1ACB-4FA0-8703-D2A83A0D46C3}.Release|x64.ActiveCfg = Release|Any CPU
		{4807E2E0-1ACB-4FA0-8703-D2A83A0D46C3}.Release|x64.Build.0 = Release|Any CPU
		{4807E2E0-1ACB-4FA0-8703-D2A83A0D46C3}.Release|x86.ActiveCfg = Release|Any CPU
		{4807E2E0-1ACB-4FA0-8703-D2A83A0D46C3}.Release|x86.Build.0 = Release|Any CPU
		{9D7559F2-EE17-4952-935B-CEA8D8C14FE1}.Debug|Any CPU.ActiveCfg = Debug|Any CPU
		{9D7559F2-EE17-4952-935B-CEA8D8C14FE1}.Debug|Any CPU.Build.0 = Debug|Any CPU
		{9D7559F2-EE17-4952-935B-CEA8D8C14FE1}.Debug|ARM.ActiveCfg = Debug|Any CPU
		{9D7559F2-EE17-4952-935B-CEA8D8C14FE1}.Debug|ARM.Build.0 = Debug|Any CPU
		{9D7559F2-EE17-4952-935B-CEA8D8C14FE1}.Debug|ARM64.ActiveCfg = Debug|Any CPU
		{9D7559F2-EE17-4952-935B-CEA8D8C14FE1}.Debug|ARM64.Build.0 = Debug|Any CPU
		{9D7559F2-EE17-4952-935B-CEA8D8C14FE1}.Debug|x64.ActiveCfg = Debug|Any CPU
		{9D7559F2-EE17-4952-935B-CEA8D8C14FE1}.Debug|x64.Build.0 = Debug|Any CPU
		{9D7559F2-EE17-4952-935B-CEA8D8C14FE1}.Debug|x86.ActiveCfg = Debug|Any CPU
		{9D7559F2-EE17-4952-935B-CEA8D8C14FE1}.Debug|x86.Build.0 = Debug|Any CPU
		{9D7559F2-EE17-4952-935B-CEA8D8C14FE1}.Release|Any CPU.ActiveCfg = Release|Any CPU
		{9D7559F2-EE17-4952-935B-CEA8D8C14FE1}.Release|Any CPU.Build.0 = Release|Any CPU
		{9D7559F2-EE17-4952-935B-CEA8D8C14FE1}.Release|ARM.ActiveCfg = Release|Any CPU
		{9D7559F2-EE17-4952-935B-CEA8D8C14FE1}.Release|ARM.Build.0 = Release|Any CPU
		{9D7559F2-EE17-4952-935B-CEA8D8C14FE1}.Release|ARM64.ActiveCfg = Release|Any CPU
		{9D7559F2-EE17-4952-935B-CEA8D8C14FE1}.Release|ARM64.Build.0 = Release|Any CPU
		{9D7559F2-EE17-4952-935B-CEA8D8C14FE1}.Release|x64.ActiveCfg = Release|Any CPU
		{9D7559F2-EE17-4952-935B-CEA8D8C14FE1}.Release|x64.Build.0 = Release|Any CPU
		{9D7559F2-EE17-4952-935B-CEA8D8C14FE1}.Release|x86.ActiveCfg = Release|Any CPU
		{9D7559F2-EE17-4952-935B-CEA8D8C14FE1}.Release|x86.Build.0 = Release|Any CPU
		{08F401C8-10F6-4F12-A4A7-164EBB29F7DC}.Debug|Any CPU.ActiveCfg = Debug|Any CPU
		{08F401C8-10F6-4F12-A4A7-164EBB29F7DC}.Debug|Any CPU.Build.0 = Debug|Any CPU
		{08F401C8-10F6-4F12-A4A7-164EBB29F7DC}.Debug|Any CPU.Deploy.0 = Debug|Any CPU
		{08F401C8-10F6-4F12-A4A7-164EBB29F7DC}.Debug|ARM.ActiveCfg = Debug|ARM
		{08F401C8-10F6-4F12-A4A7-164EBB29F7DC}.Debug|ARM.Build.0 = Debug|ARM
		{08F401C8-10F6-4F12-A4A7-164EBB29F7DC}.Debug|ARM.Deploy.0 = Debug|ARM
		{08F401C8-10F6-4F12-A4A7-164EBB29F7DC}.Debug|ARM64.ActiveCfg = Debug|ARM64
		{08F401C8-10F6-4F12-A4A7-164EBB29F7DC}.Debug|ARM64.Build.0 = Debug|ARM64
		{08F401C8-10F6-4F12-A4A7-164EBB29F7DC}.Debug|ARM64.Deploy.0 = Debug|ARM64
		{08F401C8-10F6-4F12-A4A7-164EBB29F7DC}.Debug|x64.ActiveCfg = Debug|x64
		{08F401C8-10F6-4F12-A4A7-164EBB29F7DC}.Debug|x64.Build.0 = Debug|x64
		{08F401C8-10F6-4F12-A4A7-164EBB29F7DC}.Debug|x64.Deploy.0 = Debug|x64
		{08F401C8-10F6-4F12-A4A7-164EBB29F7DC}.Debug|x86.ActiveCfg = Debug|x86
		{08F401C8-10F6-4F12-A4A7-164EBB29F7DC}.Debug|x86.Build.0 = Debug|x86
		{08F401C8-10F6-4F12-A4A7-164EBB29F7DC}.Debug|x86.Deploy.0 = Debug|x86
		{08F401C8-10F6-4F12-A4A7-164EBB29F7DC}.Release|Any CPU.ActiveCfg = Release|Any CPU
		{08F401C8-10F6-4F12-A4A7-164EBB29F7DC}.Release|Any CPU.Build.0 = Release|Any CPU
		{08F401C8-10F6-4F12-A4A7-164EBB29F7DC}.Release|Any CPU.Deploy.0 = Release|Any CPU
		{08F401C8-10F6-4F12-A4A7-164EBB29F7DC}.Release|ARM.ActiveCfg = Release|ARM
		{08F401C8-10F6-4F12-A4A7-164EBB29F7DC}.Release|ARM.Build.0 = Release|ARM
		{08F401C8-10F6-4F12-A4A7-164EBB29F7DC}.Release|ARM.Deploy.0 = Release|ARM
		{08F401C8-10F6-4F12-A4A7-164EBB29F7DC}.Release|ARM64.ActiveCfg = Release|ARM64
		{08F401C8-10F6-4F12-A4A7-164EBB29F7DC}.Release|ARM64.Build.0 = Release|ARM64
		{08F401C8-10F6-4F12-A4A7-164EBB29F7DC}.Release|ARM64.Deploy.0 = Release|ARM64
		{08F401C8-10F6-4F12-A4A7-164EBB29F7DC}.Release|x64.ActiveCfg = Release|x64
		{08F401C8-10F6-4F12-A4A7-164EBB29F7DC}.Release|x64.Build.0 = Release|x64
		{08F401C8-10F6-4F12-A4A7-164EBB29F7DC}.Release|x64.Deploy.0 = Release|x64
		{08F401C8-10F6-4F12-A4A7-164EBB29F7DC}.Release|x86.ActiveCfg = Release|x86
		{08F401C8-10F6-4F12-A4A7-164EBB29F7DC}.Release|x86.Build.0 = Release|x86
		{08F401C8-10F6-4F12-A4A7-164EBB29F7DC}.Release|x86.Deploy.0 = Release|x86
	EndGlobalSection
	GlobalSection(SolutionProperties) = preSolution
		HideSolutionNode = FALSE
	EndGlobalSection
	GlobalSection(ExtensibilityGlobals) = postSolution
		SolutionGuid = {CF4B8FCE-465A-4ADD-855A-8C0AF16CFF4C}
	EndGlobalSection
EndGlobal
