
Microsoft Visual Studio Solution File, Format Version 12.00
# Visual Studio Version 17
VisualStudioVersion = 17.14.36408.4 d17.14
MinimumVisualStudioVersion = 10.0.40219.1
Project("{FAE04EC0-301F-11D3-BF4B-00C04F79EFBC}") = "Library.Domain", "Library.Domain\Library.Domain.csproj", "{63348196-D3D9-4E7E-8D98-FE3EB0A7B7AF}"
EndProject
Global
	GlobalSection(SolutionConfigurationPlatforms) = preSolution
		Debug|Any CPU = Debug|Any CPU
		Release|Any CPU = Release|Any CPU
	EndGlobalSection
	GlobalSection(ProjectConfigurationPlatforms) = postSolution
		{63348196-D3D9-4E7E-8D98-FE3EB0A7B7AF}.Debug|Any CPU.ActiveCfg = Debug|Any CPU
		{63348196-D3D9-4E7E-8D98-FE3EB0A7B7AF}.Debug|Any CPU.Build.0 = Debug|Any CPU
		{63348196-D3D9-4E7E-8D98-FE3EB0A7B7AF}.Release|Any CPU.ActiveCfg = Release|Any CPU
		{63348196-D3D9-4E7E-8D98-FE3EB0A7B7AF}.Release|Any CPU.Build.0 = Release|Any CPU
	EndGlobalSection
	GlobalSection(SolutionProperties) = preSolution
		HideSolutionNode = FALSE
	EndGlobalSection
	GlobalSection(ExtensibilityGlobals) = postSolution
		SolutionGuid = {CF4B8FCE-465A-4ADD-855A-8C0AF16CFF4C}
	EndGlobalSection
EndGlobal
